// !$*UTF8*$!
{
	archiveVersion = 1;
	classes = {
	};
	objectVersion = 56;
	objects = {

/* Begin PBXBuildFile section */
		13A2E450FF3ECD656EAE561A /* Pods_Flow.framework in Frameworks */ = {isa = PBXBuildFile; fileRef = E9FF4B7BD2674B7930ABB91A /* Pods_Flow.framework */; };
		EA9F334A48FB12FCF8730B9C /* Pods_Flow_FlowUITests.framework in Frameworks */ = {isa = PBXBuildFile; fileRef = 666146D9C81C38E1430B0365 /* Pods_Flow_FlowUITests.framework */; };
		EF1BBBFC2CF5FC7C00C33704 /* ReminderModifyViewControllerDelegate.swift in Sources */ = {isa = PBXBuildFile; fileRef = EF1BBBFB2CF5FC7C00C33704 /* ReminderModifyViewControllerDelegate.swift */; };
		EF1BBBFE2CF6159000C33704 /* ReminderStoreError.swift in Sources */ = {isa = PBXBuildFile; fileRef = EF1BBBFD2CF6159000C33704 /* ReminderStoreError.swift */; };
		EF1BBC002CF8211600C33704 /* AddReminderCell.swift in Sources */ = {isa = PBXBuildFile; fileRef = EF1BBBFF2CF8211600C33704 /* AddReminderCell.swift */; };
		EF2DD31E2BB1C2CA00329678 /* AppDelegate.swift in Sources */ = {isa = PBXBuildFile; fileRef = EF2DD31D2BB1C2CA00329678 /* AppDelegate.swift */; };
		EF2DD3202BB1C2CA00329678 /* SceneDelegate.swift in Sources */ = {isa = PBXBuildFile; fileRef = EF2DD31F2BB1C2CA00329678 /* SceneDelegate.swift */; };
		EF2DD3222BB1C2CA00329678 /* MainViewController.swift in Sources */ = {isa = PBXBuildFile; fileRef = EF2DD3212BB1C2CA00329678 /* MainViewController.swift */; };
		EF2DD3272BB1C2CC00329678 /* Assets.xcassets in Resources */ = {isa = PBXBuildFile; fileRef = EF2DD3262BB1C2CC00329678 /* Assets.xcassets */; };
		EF2DD32A2BB1C2CC00329678 /* LaunchScreen.storyboard in Resources */ = {isa = PBXBuildFile; fileRef = EF2DD3282BB1C2CC00329678 /* LaunchScreen.storyboard */; };
		EF2DD3352BB1C2CC00329678 /* FlowTests.swift in Sources */ = {isa = PBXBuildFile; fileRef = EF2DD3342BB1C2CC00329678 /* FlowTests.swift */; };
		EF2DD33F2BB1C2CC00329678 /* FlowUITests.swift in Sources */ = {isa = PBXBuildFile; fileRef = EF2DD33E2BB1C2CC00329678 /* FlowUITests.swift */; };
		EF2DD3412BB1C2CC00329678 /* FlowUITestsLaunchTests.swift in Sources */ = {isa = PBXBuildFile; fileRef = EF2DD3402BB1C2CC00329678 /* FlowUITestsLaunchTests.swift */; };
		EF537B7F2C1036B0008A9919 /* Color+.swift in Sources */ = {isa = PBXBuildFile; fileRef = EF537B7E2C1036B0008A9919 /* Color+.swift */; };
		EF537B812C198B5C008A9919 /* ReminderListCell.swift in Sources */ = {isa = PBXBuildFile; fileRef = EF537B802C198B5C008A9919 /* ReminderListCell.swift */; };
		EF537B852C1C7C77008A9919 /* ReminderModifyViewController.swift in Sources */ = {isa = PBXBuildFile; fileRef = EF537B842C1C7C77008A9919 /* ReminderModifyViewController.swift */; };
		EF537B872C1C807A008A9919 /* ReminderModifyViewViewModel.swift in Sources */ = {isa = PBXBuildFile; fileRef = EF537B862C1C807A008A9919 /* ReminderModifyViewViewModel.swift */; };
		EF566FC62CE481A10057AD87 /* UIView+.swift in Sources */ = {isa = PBXBuildFile; fileRef = EF566FC52CE481980057AD87 /* UIView+.swift */; };
		EFF47C852BB1C5E200218940 /* Reminder.swift in Sources */ = {isa = PBXBuildFile; fileRef = EFF47C842BB1C5E200218940 /* Reminder.swift */; };
		EFF47C892BB1C81F00218940 /* ReminderStore.swift in Sources */ = {isa = PBXBuildFile; fileRef = EFF47C882BB1C81F00218940 /* ReminderStore.swift */; };
		EFF47C8B2BB1C83A00218940 /* EKEventStore+AsyncFetch.swift in Sources */ = {isa = PBXBuildFile; fileRef = EFF47C8A2BB1C83A00218940 /* EKEventStore+AsyncFetch.swift */; };
		EFF47C8D2BB1C84E00218940 /* ReminderError.swift in Sources */ = {isa = PBXBuildFile; fileRef = EFF47C8C2BB1C84E00218940 /* ReminderError.swift */; };
		EFF47C902BB5AE5200218940 /* Date+.swift in Sources */ = {isa = PBXBuildFile; fileRef = EFF47C8F2BB5AE5200218940 /* Date+.swift */; };
		EFF47C922BB9AFE700218940 /* MainViewModel.swift in Sources */ = {isa = PBXBuildFile; fileRef = EFF47C912BB9AFE700218940 /* MainViewModel.swift */; };
		F8ADFD158ACBF6E7E4A7511A /* Pods_FlowTests.framework in Frameworks */ = {isa = PBXBuildFile; fileRef = 24117A5529A77B5CBD92115A /* Pods_FlowTests.framework */; };
/* End PBXBuildFile section */

/* Begin PBXContainerItemProxy section */
		EF2DD3312BB1C2CC00329678 /* PBXContainerItemProxy */ = {
			isa = PBXContainerItemProxy;
			containerPortal = EF2DD3122BB1C2CA00329678 /* Project object */;
			proxyType = 1;
			remoteGlobalIDString = EF2DD3192BB1C2CA00329678;
			remoteInfo = Flow;
		};
		EF2DD33B2BB1C2CC00329678 /* PBXContainerItemProxy */ = {
			isa = PBXContainerItemProxy;
			containerPortal = EF2DD3122BB1C2CA00329678 /* Project object */;
			proxyType = 1;
			remoteGlobalIDString = EF2DD3192BB1C2CA00329678;
			remoteInfo = Flow;
		};
/* End PBXContainerItemProxy section */

/* Begin PBXFileReference section */
		24117A5529A77B5CBD92115A /* Pods_FlowTests.framework */ = {isa = PBXFileReference; explicitFileType = wrapper.framework; includeInIndex = 0; path = Pods_FlowTests.framework; sourceTree = BUILT_PRODUCTS_DIR; };
		42A29AB2FC5B6DD63E7D8032 /* Pods-FlowTests.debug.xcconfig */ = {isa = PBXFileReference; includeInIndex = 1; lastKnownFileType = text.xcconfig; name = "Pods-FlowTests.debug.xcconfig"; path = "Target Support Files/Pods-FlowTests/Pods-FlowTests.debug.xcconfig"; sourceTree = "<group>"; };
		666146D9C81C38E1430B0365 /* Pods_Flow_FlowUITests.framework */ = {isa = PBXFileReference; explicitFileType = wrapper.framework; includeInIndex = 0; path = Pods_Flow_FlowUITests.framework; sourceTree = BUILT_PRODUCTS_DIR; };
		67EBB883A84C15C7C1D2E0EB /* Pods-Flow.debug.xcconfig */ = {isa = PBXFileReference; includeInIndex = 1; lastKnownFileType = text.xcconfig; name = "Pods-Flow.debug.xcconfig"; path = "Target Support Files/Pods-Flow/Pods-Flow.debug.xcconfig"; sourceTree = "<group>"; };
		885EE373A9F526D428558F11 /* Pods-Flow.release.xcconfig */ = {isa = PBXFileReference; includeInIndex = 1; lastKnownFileType = text.xcconfig; name = "Pods-Flow.release.xcconfig"; path = "Target Support Files/Pods-Flow/Pods-Flow.release.xcconfig"; sourceTree = "<group>"; };
		8AB9A5FAFEFE542D81B3F848 /* Pods-Flow-FlowUITests.release.xcconfig */ = {isa = PBXFileReference; includeInIndex = 1; lastKnownFileType = text.xcconfig; name = "Pods-Flow-FlowUITests.release.xcconfig"; path = "Target Support Files/Pods-Flow-FlowUITests/Pods-Flow-FlowUITests.release.xcconfig"; sourceTree = "<group>"; };
		945BE484F30FB84647C52485 /* Pods-Flow-FlowUITests.debug.xcconfig */ = {isa = PBXFileReference; includeInIndex = 1; lastKnownFileType = text.xcconfig; name = "Pods-Flow-FlowUITests.debug.xcconfig"; path = "Target Support Files/Pods-Flow-FlowUITests/Pods-Flow-FlowUITests.debug.xcconfig"; sourceTree = "<group>"; };
		A808ECA3CE6291E3567DF62F /* Pods-FlowTests.release.xcconfig */ = {isa = PBXFileReference; includeInIndex = 1; lastKnownFileType = text.xcconfig; name = "Pods-FlowTests.release.xcconfig"; path = "Target Support Files/Pods-FlowTests/Pods-FlowTests.release.xcconfig"; sourceTree = "<group>"; };
		E9FF4B7BD2674B7930ABB91A /* Pods_Flow.framework */ = {isa = PBXFileReference; explicitFileType = wrapper.framework; includeInIndex = 0; path = Pods_Flow.framework; sourceTree = BUILT_PRODUCTS_DIR; };
		EF1BBBFB2CF5FC7C00C33704 /* ReminderModifyViewControllerDelegate.swift */ = {isa = PBXFileReference; lastKnownFileType = sourcecode.swift; path = ReminderModifyViewControllerDelegate.swift; sourceTree = "<group>"; };
		EF1BBBFD2CF6159000C33704 /* ReminderStoreError.swift */ = {isa = PBXFileReference; lastKnownFileType = sourcecode.swift; path = ReminderStoreError.swift; sourceTree = "<group>"; };
		EF1BBBFF2CF8211600C33704 /* AddReminderCell.swift */ = {isa = PBXFileReference; lastKnownFileType = sourcecode.swift; path = AddReminderCell.swift; sourceTree = "<group>"; };
		EF2DD31A2BB1C2CA00329678 /* ReminderTint.app */ = {isa = PBXFileReference; explicitFileType = wrapper.application; includeInIndex = 0; path = ReminderTint.app; sourceTree = BUILT_PRODUCTS_DIR; };
		EF2DD31D2BB1C2CA00329678 /* AppDelegate.swift */ = {isa = PBXFileReference; lastKnownFileType = sourcecode.swift; path = AppDelegate.swift; sourceTree = "<group>"; };
		EF2DD31F2BB1C2CA00329678 /* SceneDelegate.swift */ = {isa = PBXFileReference; lastKnownFileType = sourcecode.swift; path = SceneDelegate.swift; sourceTree = "<group>"; };
		EF2DD3212BB1C2CA00329678 /* MainViewController.swift */ = {isa = PBXFileReference; lastKnownFileType = sourcecode.swift; path = MainViewController.swift; sourceTree = "<group>"; };
		EF2DD3262BB1C2CC00329678 /* Assets.xcassets */ = {isa = PBXFileReference; lastKnownFileType = folder.assetcatalog; path = Assets.xcassets; sourceTree = "<group>"; };
		EF2DD3292BB1C2CC00329678 /* Base */ = {isa = PBXFileReference; lastKnownFileType = file.storyboard; name = Base; path = Base.lproj/LaunchScreen.storyboard; sourceTree = "<group>"; };
		EF2DD32B2BB1C2CC00329678 /* Info.plist */ = {isa = PBXFileReference; lastKnownFileType = text.plist.xml; path = Info.plist; sourceTree = "<group>"; };
		EF2DD3302BB1C2CC00329678 /* ReminderTintTests.xctest */ = {isa = PBXFileReference; explicitFileType = wrapper.cfbundle; includeInIndex = 0; path = ReminderTintTests.xctest; sourceTree = BUILT_PRODUCTS_DIR; };
		EF2DD3342BB1C2CC00329678 /* FlowTests.swift */ = {isa = PBXFileReference; lastKnownFileType = sourcecode.swift; path = FlowTests.swift; sourceTree = "<group>"; };
		EF2DD33A2BB1C2CC00329678 /* ReminderTintUITests.xctest */ = {isa = PBXFileReference; explicitFileType = wrapper.cfbundle; includeInIndex = 0; path = ReminderTintUITests.xctest; sourceTree = BUILT_PRODUCTS_DIR; };
		EF2DD33E2BB1C2CC00329678 /* FlowUITests.swift */ = {isa = PBXFileReference; lastKnownFileType = sourcecode.swift; path = FlowUITests.swift; sourceTree = "<group>"; };
		EF2DD3402BB1C2CC00329678 /* FlowUITestsLaunchTests.swift */ = {isa = PBXFileReference; lastKnownFileType = sourcecode.swift; path = FlowUITestsLaunchTests.swift; sourceTree = "<group>"; };
		EF537B7E2C1036B0008A9919 /* Color+.swift */ = {isa = PBXFileReference; lastKnownFileType = sourcecode.swift; path = "Color+.swift"; sourceTree = "<group>"; };
		EF537B802C198B5C008A9919 /* ReminderListCell.swift */ = {isa = PBXFileReference; lastKnownFileType = sourcecode.swift; path = ReminderListCell.swift; sourceTree = "<group>"; };
		EF537B842C1C7C77008A9919 /* ReminderModifyViewController.swift */ = {isa = PBXFileReference; lastKnownFileType = sourcecode.swift; path = ReminderModifyViewController.swift; sourceTree = "<group>"; };
		EF537B862C1C807A008A9919 /* ReminderModifyViewViewModel.swift */ = {isa = PBXFileReference; lastKnownFileType = sourcecode.swift; path = ReminderModifyViewViewModel.swift; sourceTree = "<group>"; };
		EF566FC52CE481980057AD87 /* UIView+.swift */ = {isa = PBXFileReference; lastKnownFileType = sourcecode.swift; path = "UIView+.swift"; sourceTree = "<group>"; };
		EFF47C842BB1C5E200218940 /* Reminder.swift */ = {isa = PBXFileReference; lastKnownFileType = sourcecode.swift; path = Reminder.swift; sourceTree = "<group>"; };
		EFF47C882BB1C81F00218940 /* ReminderStore.swift */ = {isa = PBXFileReference; lastKnownFileType = sourcecode.swift; path = ReminderStore.swift; sourceTree = "<group>"; };
		EFF47C8A2BB1C83A00218940 /* EKEventStore+AsyncFetch.swift */ = {isa = PBXFileReference; lastKnownFileType = sourcecode.swift; path = "EKEventStore+AsyncFetch.swift"; sourceTree = "<group>"; };
		EFF47C8C2BB1C84E00218940 /* ReminderError.swift */ = {isa = PBXFileReference; lastKnownFileType = sourcecode.swift; path = ReminderError.swift; sourceTree = "<group>"; };
		EFF47C8F2BB5AE5200218940 /* Date+.swift */ = {isa = PBXFileReference; lastKnownFileType = sourcecode.swift; path = "Date+.swift"; sourceTree = "<group>"; };
		EFF47C912BB9AFE700218940 /* MainViewModel.swift */ = {isa = PBXFileReference; lastKnownFileType = sourcecode.swift; path = MainViewModel.swift; sourceTree = "<group>"; };
/* End PBXFileReference section */

/* Begin PBXFrameworksBuildPhase section */
		EF2DD3172BB1C2CA00329678 /* Frameworks */ = {
			isa = PBXFrameworksBuildPhase;
			buildActionMask = 2147483647;
			files = (
				13A2E450FF3ECD656EAE561A /* Pods_Flow.framework in Frameworks */,
			);
			runOnlyForDeploymentPostprocessing = 0;
		};
		EF2DD32D2BB1C2CC00329678 /* Frameworks */ = {
			isa = PBXFrameworksBuildPhase;
			buildActionMask = 2147483647;
			files = (
				F8ADFD158ACBF6E7E4A7511A /* Pods_FlowTests.framework in Frameworks */,
			);
			runOnlyForDeploymentPostprocessing = 0;
		};
		EF2DD3372BB1C2CC00329678 /* Frameworks */ = {
			isa = PBXFrameworksBuildPhase;
			buildActionMask = 2147483647;
			files = (
				EA9F334A48FB12FCF8730B9C /* Pods_Flow_FlowUITests.framework in Frameworks */,
			);
			runOnlyForDeploymentPostprocessing = 0;
		};
/* End PBXFrameworksBuildPhase section */

/* Begin PBXGroup section */
		702E3A256994BA6DD5BE233E /* Pods */ = {
			isa = PBXGroup;
			children = (
				67EBB883A84C15C7C1D2E0EB /* Pods-Flow.debug.xcconfig */,
				885EE373A9F526D428558F11 /* Pods-Flow.release.xcconfig */,
				945BE484F30FB84647C52485 /* Pods-Flow-FlowUITests.debug.xcconfig */,
				8AB9A5FAFEFE542D81B3F848 /* Pods-Flow-FlowUITests.release.xcconfig */,
				42A29AB2FC5B6DD63E7D8032 /* Pods-FlowTests.debug.xcconfig */,
				A808ECA3CE6291E3567DF62F /* Pods-FlowTests.release.xcconfig */,
			);
			path = Pods;
			sourceTree = "<group>";
		};
		A8CDA6741975BA17F5DDE8DA /* Frameworks */ = {
			isa = PBXGroup;
			children = (
				E9FF4B7BD2674B7930ABB91A /* Pods_Flow.framework */,
				666146D9C81C38E1430B0365 /* Pods_Flow_FlowUITests.framework */,
				24117A5529A77B5CBD92115A /* Pods_FlowTests.framework */,
			);
			name = Frameworks;
			sourceTree = "<group>";
		};
		EF1BBBF02CEDD0CB00C33704 /* App */ = {
			isa = PBXGroup;
			children = (
				EF2DD31D2BB1C2CA00329678 /* AppDelegate.swift */,
				EF2DD31F2BB1C2CA00329678 /* SceneDelegate.swift */,
			);
			path = App;
			sourceTree = "<group>";
		};
		EF1BBBF12CEDD0D700C33704 /* Resources */ = {
			isa = PBXGroup;
			children = (
				EF2DD3282BB1C2CC00329678 /* LaunchScreen.storyboard */,
				EF2DD3262BB1C2CC00329678 /* Assets.xcassets */,
			);
			path = Resources;
			sourceTree = "<group>";
		};
		EF1BBBF22CEDD0EE00C33704 /* Common */ = {
			isa = PBXGroup;
			children = (
				EFF47C832BB1C5CF00218940 /* Errors */,
				EF1BBBF32CEDD10400C33704 /* Extensions */,
			);
			path = Common;
			sourceTree = "<group>";
		};
		EF1BBBF32CEDD10400C33704 /* Extensions */ = {
			isa = PBXGroup;
			children = (
				EF566FC52CE481980057AD87 /* UIView+.swift */,
				EFF47C8F2BB5AE5200218940 /* Date+.swift */,
				EF537B7E2C1036B0008A9919 /* Color+.swift */,
			);
			path = Extensions;
			sourceTree = "<group>";
		};
		EF1BBBF42CEDD19400C33704 /* Main */ = {
			isa = PBXGroup;
			children = (
				EF2DD3212BB1C2CA00329678 /* MainViewController.swift */,
				EFF47C912BB9AFE700218940 /* MainViewModel.swift */,
				EF537B802C198B5C008A9919 /* ReminderListCell.swift */,
				EF1BBBFF2CF8211600C33704 /* AddReminderCell.swift */,
			);
			path = Main;
			sourceTree = "<group>";
		};
		EF1BBBF52CEDD19A00C33704 /* ReminderModify */ = {
			isa = PBXGroup;
			children = (
				EF537B842C1C7C77008A9919 /* ReminderModifyViewController.swift */,
				EF537B862C1C807A008A9919 /* ReminderModifyViewViewModel.swift */,
				EF1BBBFB2CF5FC7C00C33704 /* ReminderModifyViewControllerDelegate.swift */,
			);
			path = ReminderModify;
			sourceTree = "<group>";
		};
		EF2DD3112BB1C2CA00329678 = {
			isa = PBXGroup;
			children = (
				EF2DD31C2BB1C2CA00329678 /* ReminderTint */,
				EF2DD3332BB1C2CC00329678 /* ReminderTintTests */,
				EF2DD33D2BB1C2CC00329678 /* ReminderTintUITests */,
				EF2DD31B2BB1C2CA00329678 /* Products */,
				702E3A256994BA6DD5BE233E /* Pods */,
				A8CDA6741975BA17F5DDE8DA /* Frameworks */,
			);
			sourceTree = "<group>";
		};
		EF2DD31B2BB1C2CA00329678 /* Products */ = {
			isa = PBXGroup;
			children = (
				EF2DD31A2BB1C2CA00329678 /* ReminderTint.app */,
				EF2DD3302BB1C2CC00329678 /* ReminderTintTests.xctest */,
				EF2DD33A2BB1C2CC00329678 /* ReminderTintUITests.xctest */,
			);
			name = Products;
			sourceTree = "<group>";
		};
		EF2DD31C2BB1C2CA00329678 /* ReminderTint */ = {
			isa = PBXGroup;
			children = (
				EF1BBBF02CEDD0CB00C33704 /* App */,
				EFF47C822BB1C5C800218940 /* Models */,
				EFF47C932BB9B15700218940 /* View */,
				EF1BBBF22CEDD0EE00C33704 /* Common */,
				EF1BBBF12CEDD0D700C33704 /* Resources */,
				EF2DD32B2BB1C2CC00329678 /* Info.plist */,
			);
			path = ReminderTint;
			sourceTree = "<group>";
		};
		EF2DD3332BB1C2CC00329678 /* ReminderTintTests */ = {
			isa = PBXGroup;
			children = (
				EF2DD3342BB1C2CC00329678 /* FlowTests.swift */,
			);
			path = ReminderTintTests;
			sourceTree = "<group>";
		};
		EF2DD33D2BB1C2CC00329678 /* ReminderTintUITests */ = {
			isa = PBXGroup;
			children = (
				EF2DD33E2BB1C2CC00329678 /* FlowUITests.swift */,
				EF2DD3402BB1C2CC00329678 /* FlowUITestsLaunchTests.swift */,
			);
			path = ReminderTintUITests;
			sourceTree = "<group>";
		};
		EFF47C822BB1C5C800218940 /* Models */ = {
			isa = PBXGroup;
			children = (
				EFF47C842BB1C5E200218940 /* Reminder.swift */,
				EFF47C882BB1C81F00218940 /* ReminderStore.swift */,
				EFF47C8A2BB1C83A00218940 /* EKEventStore+AsyncFetch.swift */,
			);
			path = Models;
			sourceTree = "<group>";
		};
		EFF47C832BB1C5CF00218940 /* Errors */ = {
			isa = PBXGroup;
			children = (
				EFF47C8C2BB1C84E00218940 /* ReminderError.swift */,
				EF1BBBFD2CF6159000C33704 /* ReminderStoreError.swift */,
			);
			path = Errors;
			sourceTree = "<group>";
		};
		EFF47C932BB9B15700218940 /* View */ = {
			isa = PBXGroup;
			children = (
				EF1BBBF52CEDD19A00C33704 /* ReminderModify */,
				EF1BBBF42CEDD19400C33704 /* Main */,
			);
			path = View;
			sourceTree = "<group>";
		};
/* End PBXGroup section */

/* Begin PBXNativeTarget section */
		EF2DD3192BB1C2CA00329678 /* ReminderTint */ = {
			isa = PBXNativeTarget;
			buildConfigurationList = EF2DD3442BB1C2CC00329678 /* Build configuration list for PBXNativeTarget "ReminderTint" */;
			buildPhases = (
				0C9B4E7DB565E130D1939161 /* [CP] Check Pods Manifest.lock */,
				EF2DD3162BB1C2CA00329678 /* Sources */,
				EF2DD3172BB1C2CA00329678 /* Frameworks */,
				EF2DD3182BB1C2CA00329678 /* Resources */,
				AAA7920A13D80B4F0652EE52 /* [CP] Embed Pods Frameworks */,
			);
			buildRules = (
			);
			dependencies = (
			);
			name = ReminderTint;
			productName = Flow;
			productReference = EF2DD31A2BB1C2CA00329678 /* ReminderTint.app */;
			productType = "com.apple.product-type.application";
		};
		EF2DD32F2BB1C2CC00329678 /* ReminderTintTests */ = {
			isa = PBXNativeTarget;
			buildConfigurationList = EF2DD3472BB1C2CC00329678 /* Build configuration list for PBXNativeTarget "ReminderTintTests" */;
			buildPhases = (
				9C1AA9EDF28A8B001E1727E8 /* [CP] Check Pods Manifest.lock */,
				EF2DD32C2BB1C2CC00329678 /* Sources */,
				EF2DD32D2BB1C2CC00329678 /* Frameworks */,
				EF2DD32E2BB1C2CC00329678 /* Resources */,
			);
			buildRules = (
			);
			dependencies = (
				EF2DD3322BB1C2CC00329678 /* PBXTargetDependency */,
			);
			name = ReminderTintTests;
			productName = FlowTests;
			productReference = EF2DD3302BB1C2CC00329678 /* ReminderTintTests.xctest */;
			productType = "com.apple.product-type.bundle.unit-test";
		};
		EF2DD3392BB1C2CC00329678 /* ReminderTintUITests */ = {
			isa = PBXNativeTarget;
			buildConfigurationList = EF2DD34A2BB1C2CC00329678 /* Build configuration list for PBXNativeTarget "ReminderTintUITests" */;
			buildPhases = (
				846B51BC29F4DF81AACDB7E1 /* [CP] Check Pods Manifest.lock */,
				EF2DD3362BB1C2CC00329678 /* Sources */,
				EF2DD3372BB1C2CC00329678 /* Frameworks */,
				EF2DD3382BB1C2CC00329678 /* Resources */,
				0E12F408A55455976B36D8AB /* [CP] Embed Pods Frameworks */,
			);
			buildRules = (
			);
			dependencies = (
				EF2DD33C2BB1C2CC00329678 /* PBXTargetDependency */,
			);
			name = ReminderTintUITests;
			productName = FlowUITests;
			productReference = EF2DD33A2BB1C2CC00329678 /* ReminderTintUITests.xctest */;
			productType = "com.apple.product-type.bundle.ui-testing";
		};
/* End PBXNativeTarget section */

/* Begin PBXProject section */
		EF2DD3122BB1C2CA00329678 /* Project object */ = {
			isa = PBXProject;
			attributes = {
				BuildIndependentTargetsInParallel = 1;
				LastSwiftUpdateCheck = 1510;
				LastUpgradeCheck = 1600;
				TargetAttributes = {
					EF2DD3192BB1C2CA00329678 = {
						CreatedOnToolsVersion = 15.1;
					};
					EF2DD32F2BB1C2CC00329678 = {
						CreatedOnToolsVersion = 15.1;
						TestTargetID = EF2DD3192BB1C2CA00329678;
					};
					EF2DD3392BB1C2CC00329678 = {
						CreatedOnToolsVersion = 15.1;
						TestTargetID = EF2DD3192BB1C2CA00329678;
					};
				};
			};
			buildConfigurationList = EF2DD3152BB1C2CA00329678 /* Build configuration list for PBXProject "ReminderTint" */;
			compatibilityVersion = "Xcode 14.0";
			developmentRegion = en;
			hasScannedForEncodings = 0;
			knownRegions = (
				en,
				Base,
			);
			mainGroup = EF2DD3112BB1C2CA00329678;
			productRefGroup = EF2DD31B2BB1C2CA00329678 /* Products */;
			projectDirPath = "";
			projectRoot = "";
			targets = (
				EF2DD3192BB1C2CA00329678 /* ReminderTint */,
				EF2DD32F2BB1C2CC00329678 /* ReminderTintTests */,
				EF2DD3392BB1C2CC00329678 /* ReminderTintUITests */,
			);
		};
/* End PBXProject section */

/* Begin PBXResourcesBuildPhase section */
		EF2DD3182BB1C2CA00329678 /* Resources */ = {
			isa = PBXResourcesBuildPhase;
			buildActionMask = 2147483647;
			files = (
				EF2DD32A2BB1C2CC00329678 /* LaunchScreen.storyboard in Resources */,
				EF2DD3272BB1C2CC00329678 /* Assets.xcassets in Resources */,
			);
			runOnlyForDeploymentPostprocessing = 0;
		};
		EF2DD32E2BB1C2CC00329678 /* Resources */ = {
			isa = PBXResourcesBuildPhase;
			buildActionMask = 2147483647;
			files = (
			);
			runOnlyForDeploymentPostprocessing = 0;
		};
		EF2DD3382BB1C2CC00329678 /* Resources */ = {
			isa = PBXResourcesBuildPhase;
			buildActionMask = 2147483647;
			files = (
			);
			runOnlyForDeploymentPostprocessing = 0;
		};
/* End PBXResourcesBuildPhase section */

/* Begin PBXShellScriptBuildPhase section */
		0C9B4E7DB565E130D1939161 /* [CP] Check Pods Manifest.lock */ = {
			isa = PBXShellScriptBuildPhase;
			buildActionMask = 2147483647;
			files = (
			);
			inputFileListPaths = (
			);
			inputPaths = (
				"${PODS_PODFILE_DIR_PATH}/Podfile.lock",
				"${PODS_ROOT}/Manifest.lock",
			);
			name = "[CP] Check Pods Manifest.lock";
			outputFileListPaths = (
			);
			outputPaths = (
				"$(DERIVED_FILE_DIR)/Pods-Flow-checkManifestLockResult.txt",
			);
			runOnlyForDeploymentPostprocessing = 0;
			shellPath = /bin/sh;
			shellScript = "diff \"${PODS_PODFILE_DIR_PATH}/Podfile.lock\" \"${PODS_ROOT}/Manifest.lock\" > /dev/null\nif [ $? != 0 ] ; then\n    # print error to STDERR\n    echo \"error: The sandbox is not in sync with the Podfile.lock. Run 'pod install' or update your CocoaPods installation.\" >&2\n    exit 1\nfi\n# This output is used by Xcode 'outputs' to avoid re-running this script phase.\necho \"SUCCESS\" > \"${SCRIPT_OUTPUT_FILE_0}\"\n";
			showEnvVarsInLog = 0;
		};
		0E12F408A55455976B36D8AB /* [CP] Embed Pods Frameworks */ = {
			isa = PBXShellScriptBuildPhase;
			buildActionMask = 2147483647;
			files = (
			);
			inputFileListPaths = (
				"${PODS_ROOT}/Target Support Files/Pods-Flow-FlowUITests/Pods-Flow-FlowUITests-frameworks-${CONFIGURATION}-input-files.xcfilelist",
			);
			name = "[CP] Embed Pods Frameworks";
			outputFileListPaths = (
				"${PODS_ROOT}/Target Support Files/Pods-Flow-FlowUITests/Pods-Flow-FlowUITests-frameworks-${CONFIGURATION}-output-files.xcfilelist",
			);
			runOnlyForDeploymentPostprocessing = 0;
			shellPath = /bin/sh;
			shellScript = "\"${PODS_ROOT}/Target Support Files/Pods-Flow-FlowUITests/Pods-Flow-FlowUITests-frameworks.sh\"\n";
			showEnvVarsInLog = 0;
		};
		846B51BC29F4DF81AACDB7E1 /* [CP] Check Pods Manifest.lock */ = {
			isa = PBXShellScriptBuildPhase;
			buildActionMask = 2147483647;
			files = (
			);
			inputFileListPaths = (
			);
			inputPaths = (
				"${PODS_PODFILE_DIR_PATH}/Podfile.lock",
				"${PODS_ROOT}/Manifest.lock",
			);
			name = "[CP] Check Pods Manifest.lock";
			outputFileListPaths = (
			);
			outputPaths = (
				"$(DERIVED_FILE_DIR)/Pods-Flow-FlowUITests-checkManifestLockResult.txt",
			);
			runOnlyForDeploymentPostprocessing = 0;
			shellPath = /bin/sh;
			shellScript = "diff \"${PODS_PODFILE_DIR_PATH}/Podfile.lock\" \"${PODS_ROOT}/Manifest.lock\" > /dev/null\nif [ $? != 0 ] ; then\n    # print error to STDERR\n    echo \"error: The sandbox is not in sync with the Podfile.lock. Run 'pod install' or update your CocoaPods installation.\" >&2\n    exit 1\nfi\n# This output is used by Xcode 'outputs' to avoid re-running this script phase.\necho \"SUCCESS\" > \"${SCRIPT_OUTPUT_FILE_0}\"\n";
			showEnvVarsInLog = 0;
		};
		9C1AA9EDF28A8B001E1727E8 /* [CP] Check Pods Manifest.lock */ = {
			isa = PBXShellScriptBuildPhase;
			buildActionMask = 2147483647;
			files = (
			);
			inputFileListPaths = (
			);
			inputPaths = (
				"${PODS_PODFILE_DIR_PATH}/Podfile.lock",
				"${PODS_ROOT}/Manifest.lock",
			);
			name = "[CP] Check Pods Manifest.lock";
			outputFileListPaths = (
			);
			outputPaths = (
				"$(DERIVED_FILE_DIR)/Pods-FlowTests-checkManifestLockResult.txt",
			);
			runOnlyForDeploymentPostprocessing = 0;
			shellPath = /bin/sh;
			shellScript = "diff \"${PODS_PODFILE_DIR_PATH}/Podfile.lock\" \"${PODS_ROOT}/Manifest.lock\" > /dev/null\nif [ $? != 0 ] ; then\n    # print error to STDERR\n    echo \"error: The sandbox is not in sync with the Podfile.lock. Run 'pod install' or update your CocoaPods installation.\" >&2\n    exit 1\nfi\n# This output is used by Xcode 'outputs' to avoid re-running this script phase.\necho \"SUCCESS\" > \"${SCRIPT_OUTPUT_FILE_0}\"\n";
			showEnvVarsInLog = 0;
		};
		AAA7920A13D80B4F0652EE52 /* [CP] Embed Pods Frameworks */ = {
			isa = PBXShellScriptBuildPhase;
			buildActionMask = 2147483647;
			files = (
			);
			inputFileListPaths = (
				"${PODS_ROOT}/Target Support Files/Pods-Flow/Pods-Flow-frameworks-${CONFIGURATION}-input-files.xcfilelist",
			);
			name = "[CP] Embed Pods Frameworks";
			outputFileListPaths = (
				"${PODS_ROOT}/Target Support Files/Pods-Flow/Pods-Flow-frameworks-${CONFIGURATION}-output-files.xcfilelist",
			);
			runOnlyForDeploymentPostprocessing = 0;
			shellPath = /bin/sh;
			shellScript = "\"${PODS_ROOT}/Target Support Files/Pods-Flow/Pods-Flow-frameworks.sh\"\n";
			showEnvVarsInLog = 0;
		};
/* End PBXShellScriptBuildPhase section */

/* Begin PBXSourcesBuildPhase section */
		EF2DD3162BB1C2CA00329678 /* Sources */ = {
			isa = PBXSourcesBuildPhase;
			buildActionMask = 2147483647;
			files = (
				EF1BBBFE2CF6159000C33704 /* ReminderStoreError.swift in Sources */,
				EF2DD3222BB1C2CA00329678 /* MainViewController.swift in Sources */,
				EF537B7F2C1036B0008A9919 /* Color+.swift in Sources */,
				EF1BBBFC2CF5FC7C00C33704 /* ReminderModifyViewControllerDelegate.swift in Sources */,
				EF566FC62CE481A10057AD87 /* UIView+.swift in Sources */,
				EF2DD31E2BB1C2CA00329678 /* AppDelegate.swift in Sources */,
				EFF47C892BB1C81F00218940 /* ReminderStore.swift in Sources */,
				EFF47C8B2BB1C83A00218940 /* EKEventStore+AsyncFetch.swift in Sources */,
				EF537B852C1C7C77008A9919 /* ReminderModifyViewController.swift in Sources */,
				EFF47C922BB9AFE700218940 /* MainViewModel.swift in Sources */,
				EF2DD3202BB1C2CA00329678 /* SceneDelegate.swift in Sources */,
				EF537B872C1C807A008A9919 /* ReminderModifyViewViewModel.swift in Sources */,
				EFF47C8D2BB1C84E00218940 /* ReminderError.swift in Sources */,
				EFF47C902BB5AE5200218940 /* Date+.swift in Sources */,
				EFF47C852BB1C5E200218940 /* Reminder.swift in Sources */,
				EF537B812C198B5C008A9919 /* ReminderListCell.swift in Sources */,
				EF1BBC002CF8211600C33704 /* AddReminderCell.swift in Sources */,
			);
			runOnlyForDeploymentPostprocessing = 0;
		};
		EF2DD32C2BB1C2CC00329678 /* Sources */ = {
			isa = PBXSourcesBuildPhase;
			buildActionMask = 2147483647;
			files = (
				EF2DD3352BB1C2CC00329678 /* FlowTests.swift in Sources */,
			);
			runOnlyForDeploymentPostprocessing = 0;
		};
		EF2DD3362BB1C2CC00329678 /* Sources */ = {
			isa = PBXSourcesBuildPhase;
			buildActionMask = 2147483647;
			files = (
				EF2DD3412BB1C2CC00329678 /* FlowUITestsLaunchTests.swift in Sources */,
				EF2DD33F2BB1C2CC00329678 /* FlowUITests.swift in Sources */,
			);
			runOnlyForDeploymentPostprocessing = 0;
		};
/* End PBXSourcesBuildPhase section */

/* Begin PBXTargetDependency section */
		EF2DD3322BB1C2CC00329678 /* PBXTargetDependency */ = {
			isa = PBXTargetDependency;
			target = EF2DD3192BB1C2CA00329678 /* ReminderTint */;
			targetProxy = EF2DD3312BB1C2CC00329678 /* PBXContainerItemProxy */;
		};
		EF2DD33C2BB1C2CC00329678 /* PBXTargetDependency */ = {
			isa = PBXTargetDependency;
			target = EF2DD3192BB1C2CA00329678 /* ReminderTint */;
			targetProxy = EF2DD33B2BB1C2CC00329678 /* PBXContainerItemProxy */;
		};
/* End PBXTargetDependency section */

/* Begin PBXVariantGroup section */
		EF2DD3282BB1C2CC00329678 /* LaunchScreen.storyboard */ = {
			isa = PBXVariantGroup;
			children = (
				EF2DD3292BB1C2CC00329678 /* Base */,
			);
			name = LaunchScreen.storyboard;
			sourceTree = "<group>";
		};
/* End PBXVariantGroup section */

/* Begin XCBuildConfiguration section */
		EF2DD3422BB1C2CC00329678 /* Debug */ = {
			isa = XCBuildConfiguration;
			buildSettings = {
				ALWAYS_SEARCH_USER_PATHS = NO;
				ASSETCATALOG_COMPILER_GENERATE_SWIFT_ASSET_SYMBOL_EXTENSIONS = YES;
				CLANG_ANALYZER_NONNULL = YES;
				CLANG_ANALYZER_NUMBER_OBJECT_CONVERSION = YES_AGGRESSIVE;
				CLANG_CXX_LANGUAGE_STANDARD = "gnu++20";
				CLANG_ENABLE_MODULES = YES;
				CLANG_ENABLE_OBJC_ARC = YES;
				CLANG_ENABLE_OBJC_WEAK = YES;
				CLANG_WARN_BLOCK_CAPTURE_AUTORELEASING = YES;
				CLANG_WARN_BOOL_CONVERSION = YES;
				CLANG_WARN_COMMA = YES;
				CLANG_WARN_CONSTANT_CONVERSION = YES;
				CLANG_WARN_DEPRECATED_OBJC_IMPLEMENTATIONS = YES;
				CLANG_WARN_DIRECT_OBJC_ISA_USAGE = YES_ERROR;
				CLANG_WARN_DOCUMENTATION_COMMENTS = YES;
				CLANG_WARN_EMPTY_BODY = YES;
				CLANG_WARN_ENUM_CONVERSION = YES;
				CLANG_WARN_INFINITE_RECURSION = YES;
				CLANG_WARN_INT_CONVERSION = YES;
				CLANG_WARN_NON_LITERAL_NULL_CONVERSION = YES;
				CLANG_WARN_OBJC_IMPLICIT_RETAIN_SELF = YES;
				CLANG_WARN_OBJC_LITERAL_CONVERSION = YES;
				CLANG_WARN_OBJC_ROOT_CLASS = YES_ERROR;
				CLANG_WARN_QUOTED_INCLUDE_IN_FRAMEWORK_HEADER = YES;
				CLANG_WARN_RANGE_LOOP_ANALYSIS = YES;
				CLANG_WARN_STRICT_PROTOTYPES = YES;
				CLANG_WARN_SUSPICIOUS_MOVE = YES;
				CLANG_WARN_UNGUARDED_AVAILABILITY = YES_AGGRESSIVE;
				CLANG_WARN_UNREACHABLE_CODE = YES;
				CLANG_WARN__DUPLICATE_METHOD_MATCH = YES;
				COPY_PHASE_STRIP = NO;
				DEBUG_INFORMATION_FORMAT = dwarf;
				ENABLE_STRICT_OBJC_MSGSEND = YES;
				ENABLE_TESTABILITY = YES;
				ENABLE_USER_SCRIPT_SANDBOXING = YES;
				GCC_C_LANGUAGE_STANDARD = gnu17;
				GCC_DYNAMIC_NO_PIC = NO;
				GCC_NO_COMMON_BLOCKS = YES;
				GCC_OPTIMIZATION_LEVEL = 0;
				GCC_PREPROCESSOR_DEFINITIONS = (
					"DEBUG=1",
					"$(inherited)",
				);
				GCC_WARN_64_TO_32_BIT_CONVERSION = YES;
				GCC_WARN_ABOUT_RETURN_TYPE = YES_ERROR;
				GCC_WARN_UNDECLARED_SELECTOR = YES;
				GCC_WARN_UNINITIALIZED_AUTOS = YES_AGGRESSIVE;
				GCC_WARN_UNUSED_FUNCTION = YES;
				GCC_WARN_UNUSED_VARIABLE = YES;
				IPHONEOS_DEPLOYMENT_TARGET = 17.2;
				LOCALIZATION_PREFERS_STRING_CATALOGS = YES;
				MTL_ENABLE_DEBUG_INFO = INCLUDE_SOURCE;
				MTL_FAST_MATH = YES;
				ONLY_ACTIVE_ARCH = YES;
				SDKROOT = iphoneos;
				SWIFT_ACTIVE_COMPILATION_CONDITIONS = "DEBUG $(inherited)";
				SWIFT_OPTIMIZATION_LEVEL = "-Onone";
			};
			name = Debug;
		};
		EF2DD3432BB1C2CC00329678 /* Release */ = {
			isa = XCBuildConfiguration;
			buildSettings = {
				ALWAYS_SEARCH_USER_PATHS = NO;
				ASSETCATALOG_COMPILER_GENERATE_SWIFT_ASSET_SYMBOL_EXTENSIONS = YES;
				CLANG_ANALYZER_NONNULL = YES;
				CLANG_ANALYZER_NUMBER_OBJECT_CONVERSION = YES_AGGRESSIVE;
				CLANG_CXX_LANGUAGE_STANDARD = "gnu++20";
				CLANG_ENABLE_MODULES = YES;
				CLANG_ENABLE_OBJC_ARC = YES;
				CLANG_ENABLE_OBJC_WEAK = YES;
				CLANG_WARN_BLOCK_CAPTURE_AUTORELEASING = YES;
				CLANG_WARN_BOOL_CONVERSION = YES;
				CLANG_WARN_COMMA = YES;
				CLANG_WARN_CONSTANT_CONVERSION = YES;
				CLANG_WARN_DEPRECATED_OBJC_IMPLEMENTATIONS = YES;
				CLANG_WARN_DIRECT_OBJC_ISA_USAGE = YES_ERROR;
				CLANG_WARN_DOCUMENTATION_COMMENTS = YES;
				CLANG_WARN_EMPTY_BODY = YES;
				CLANG_WARN_ENUM_CONVERSION = YES;
				CLANG_WARN_INFINITE_RECURSION = YES;
				CLANG_WARN_INT_CONVERSION = YES;
				CLANG_WARN_NON_LITERAL_NULL_CONVERSION = YES;
				CLANG_WARN_OBJC_IMPLICIT_RETAIN_SELF = YES;
				CLANG_WARN_OBJC_LITERAL_CONVERSION = YES;
				CLANG_WARN_OBJC_ROOT_CLASS = YES_ERROR;
				CLANG_WARN_QUOTED_INCLUDE_IN_FRAMEWORK_HEADER = YES;
				CLANG_WARN_RANGE_LOOP_ANALYSIS = YES;
				CLANG_WARN_STRICT_PROTOTYPES = YES;
				CLANG_WARN_SUSPICIOUS_MOVE = YES;
				CLANG_WARN_UNGUARDED_AVAILABILITY = YES_AGGRESSIVE;
				CLANG_WARN_UNREACHABLE_CODE = YES;
				CLANG_WARN__DUPLICATE_METHOD_MATCH = YES;
				COPY_PHASE_STRIP = NO;
				DEBUG_INFORMATION_FORMAT = "dwarf-with-dsym";
				ENABLE_NS_ASSERTIONS = NO;
				ENABLE_STRICT_OBJC_MSGSEND = YES;
				ENABLE_USER_SCRIPT_SANDBOXING = YES;
				GCC_C_LANGUAGE_STANDARD = gnu17;
				GCC_NO_COMMON_BLOCKS = YES;
				GCC_WARN_64_TO_32_BIT_CONVERSION = YES;
				GCC_WARN_ABOUT_RETURN_TYPE = YES_ERROR;
				GCC_WARN_UNDECLARED_SELECTOR = YES;
				GCC_WARN_UNINITIALIZED_AUTOS = YES_AGGRESSIVE;
				GCC_WARN_UNUSED_FUNCTION = YES;
				GCC_WARN_UNUSED_VARIABLE = YES;
				IPHONEOS_DEPLOYMENT_TARGET = 17.2;
				LOCALIZATION_PREFERS_STRING_CATALOGS = YES;
				MTL_ENABLE_DEBUG_INFO = NO;
				MTL_FAST_MATH = YES;
				SDKROOT = iphoneos;
				SWIFT_COMPILATION_MODE = wholemodule;
				VALIDATE_PRODUCT = YES;
			};
			name = Release;
		};
		EF2DD3452BB1C2CC00329678 /* Debug */ = {
			isa = XCBuildConfiguration;
			baseConfigurationReference = 67EBB883A84C15C7C1D2E0EB /* Pods-Flow.debug.xcconfig */;
			buildSettings = {
				ASSETCATALOG_COMPILER_APPICON_NAME = AppIcon;
				ASSETCATALOG_COMPILER_GLOBAL_ACCENT_COLOR_NAME = AccentColor;
				CODE_SIGN_STYLE = Automatic;
				CURRENT_PROJECT_VERSION = 5;
				DEVELOPMENT_TEAM = 799L969K66;
				ENABLE_USER_SCRIPT_SANDBOXING = NO;
				GENERATE_INFOPLIST_FILE = YES;
				INFOPLIST_FILE = ReminderTint/Info.plist;
				INFOPLIST_KEY_NSRemindersUsageDescription = "Your reminders can help you stay on track";
				INFOPLIST_KEY_UIApplicationSupportsIndirectInputEvents = YES;
				INFOPLIST_KEY_UILaunchStoryboardName = LaunchScreen;
				INFOPLIST_KEY_UISupportedInterfaceOrientations = UIInterfaceOrientationPortrait;
				INFOPLIST_KEY_UISupportedInterfaceOrientations_iPad = "UIInterfaceOrientationLandscapeLeft UIInterfaceOrientationLandscapeRight UIInterfaceOrientationPortrait UIInterfaceOrientationPortraitUpsideDown";
				IPHONEOS_DEPLOYMENT_TARGET = 16.4;
				LD_RUNPATH_SEARCH_PATHS = (
					"$(inherited)",
					"@executable_path/Frameworks",
				);
				MARKETING_VERSION = 1.1.1;
				PRODUCT_BUNDLE_IDENTIFIER = teamdrifts.ReminderTint;
				PRODUCT_NAME = "$(TARGET_NAME)";
				SUPPORTED_PLATFORMS = "iphoneos iphonesimulator";
				SUPPORTS_MACCATALYST = NO;
				SUPPORTS_MAC_DESIGNED_FOR_IPHONE_IPAD = NO;
				SUPPORTS_XR_DESIGNED_FOR_IPHONE_IPAD = NO;
				SWIFT_EMIT_LOC_STRINGS = YES;
				SWIFT_VERSION = 5.0;
				TARGETED_DEVICE_FAMILY = 1;
			};
			name = Debug;
		};
		EF2DD3462BB1C2CC00329678 /* Release */ = {
			isa = XCBuildConfiguration;
			baseConfigurationReference = 885EE373A9F526D428558F11 /* Pods-Flow.release.xcconfig */;
			buildSettings = {
				ASSETCATALOG_COMPILER_APPICON_NAME = AppIcon;
				ASSETCATALOG_COMPILER_GLOBAL_ACCENT_COLOR_NAME = AccentColor;
				CODE_SIGN_STYLE = Automatic;
				CURRENT_PROJECT_VERSION = 5;
				DEVELOPMENT_TEAM = 799L969K66;
				ENABLE_USER_SCRIPT_SANDBOXING = NO;
				GENERATE_INFOPLIST_FILE = YES;
				INFOPLIST_FILE = ReminderTint/Info.plist;
				INFOPLIST_KEY_NSRemindersUsageDescription = "Your reminders can help you stay on track";
				INFOPLIST_KEY_UIApplicationSupportsIndirectInputEvents = YES;
				INFOPLIST_KEY_UILaunchStoryboardName = LaunchScreen;
				INFOPLIST_KEY_UISupportedInterfaceOrientations = UIInterfaceOrientationPortrait;
				INFOPLIST_KEY_UISupportedInterfaceOrientations_iPad = "UIInterfaceOrientationLandscapeLeft UIInterfaceOrientationLandscapeRight UIInterfaceOrientationPortrait UIInterfaceOrientationPortraitUpsideDown";
				IPHONEOS_DEPLOYMENT_TARGET = 16.4;
				LD_RUNPATH_SEARCH_PATHS = (
					"$(inherited)",
					"@executable_path/Frameworks",
				);
				MARKETING_VERSION = 1.1.1;
				PRODUCT_BUNDLE_IDENTIFIER = teamdrifts.ReminderTint;
				PRODUCT_NAME = "$(TARGET_NAME)";
				SUPPORTED_PLATFORMS = "iphoneos iphonesimulator";
				SUPPORTS_MACCATALYST = NO;
				SUPPORTS_MAC_DESIGNED_FOR_IPHONE_IPAD = NO;
				SUPPORTS_XR_DESIGNED_FOR_IPHONE_IPAD = NO;
				SWIFT_EMIT_LOC_STRINGS = YES;
				SWIFT_VERSION = 5.0;
				TARGETED_DEVICE_FAMILY = 1;
			};
			name = Release;
		};
		EF2DD3482BB1C2CC00329678 /* Debug */ = {
			isa = XCBuildConfiguration;
			baseConfigurationReference = 42A29AB2FC5B6DD63E7D8032 /* Pods-FlowTests.debug.xcconfig */;
			buildSettings = {
				BUNDLE_LOADER = "$(TEST_HOST)";
				CODE_SIGN_STYLE = Automatic;
				CURRENT_PROJECT_VERSION = 1;
				DEVELOPMENT_TEAM = 799L969K66;
				GENERATE_INFOPLIST_FILE = YES;
				IPHONEOS_DEPLOYMENT_TARGET = 17.2;
				MARKETING_VERSION = 1.0;
				PRODUCT_BUNDLE_IDENTIFIER = handnew.FlowTests;
				PRODUCT_NAME = "$(TARGET_NAME)";
				SWIFT_EMIT_LOC_STRINGS = NO;
				SWIFT_VERSION = 5.0;
				TARGETED_DEVICE_FAMILY = "1,2";
				TEST_HOST = "$(BUILT_PRODUCTS_DIR)/ReminderTint.app/$(BUNDLE_EXECUTABLE_FOLDER_PATH)/ReminderTint";
			};
			name = Debug;
		};
		EF2DD3492BB1C2CC00329678 /* Release */ = {
			isa = XCBuildConfiguration;
			baseConfigurationReference = A808ECA3CE6291E3567DF62F /* Pods-FlowTests.release.xcconfig */;
			buildSettings = {
				BUNDLE_LOADER = "$(TEST_HOST)";
				CODE_SIGN_STYLE = Automatic;
				CURRENT_PROJECT_VERSION = 1;
				DEVELOPMENT_TEAM = 799L969K66;
				GENERATE_INFOPLIST_FILE = YES;
				IPHONEOS_DEPLOYMENT_TARGET = 17.2;
				MARKETING_VERSION = 1.0;
				PRODUCT_BUNDLE_IDENTIFIER = handnew.FlowTests;
				PRODUCT_NAME = "$(TARGET_NAME)";
				SWIFT_EMIT_LOC_STRINGS = NO;
				SWIFT_VERSION = 5.0;
				TARGETED_DEVICE_FAMILY = "1,2";
				TEST_HOST = "$(BUILT_PRODUCTS_DIR)/ReminderTint.app/$(BUNDLE_EXECUTABLE_FOLDER_PATH)/ReminderTint";
			};
			name = Release;
		};
		EF2DD34B2BB1C2CC00329678 /* Debug */ = {
			isa = XCBuildConfiguration;
			baseConfigurationReference = 945BE484F30FB84647C52485 /* Pods-Flow-FlowUITests.debug.xcconfig */;
			buildSettings = {
				CODE_SIGN_STYLE = Automatic;
				CURRENT_PROJECT_VERSION = 1;
				DEVELOPMENT_TEAM = 799L969K66;
				GENERATE_INFOPLIST_FILE = YES;
				MARKETING_VERSION = 1.0;
				PRODUCT_BUNDLE_IDENTIFIER = handnew.FlowUITests;
				PRODUCT_NAME = "$(TARGET_NAME)";
				SWIFT_EMIT_LOC_STRINGS = NO;
				SWIFT_VERSION = 5.0;
				TARGETED_DEVICE_FAMILY = "1,2";
				TEST_TARGET_NAME = Flow;
			};
			name = Debug;
		};
		EF2DD34C2BB1C2CC00329678 /* Release */ = {
			isa = XCBuildConfiguration;
			baseConfigurationReference = 8AB9A5FAFEFE542D81B3F848 /* Pods-Flow-FlowUITests.release.xcconfig */;
			buildSettings = {
				CODE_SIGN_STYLE = Automatic;
				CURRENT_PROJECT_VERSION = 1;
				DEVELOPMENT_TEAM = 799L969K66;
				GENERATE_INFOPLIST_FILE = YES;
				MARKETING_VERSION = 1.0;
				PRODUCT_BUNDLE_IDENTIFIER = handnew.FlowUITests;
				PRODUCT_NAME = "$(TARGET_NAME)";
				SWIFT_EMIT_LOC_STRINGS = NO;
				SWIFT_VERSION = 5.0;
				TARGETED_DEVICE_FAMILY = "1,2";
				TEST_TARGET_NAME = Flow;
			};
			name = Release;
		};
/* End XCBuildConfiguration section */

/* Begin XCConfigurationList section */
		EF2DD3152BB1C2CA00329678 /* Build configuration list for PBXProject "ReminderTint" */ = {
			isa = XCConfigurationList;
			buildConfigurations = (
				EF2DD3422BB1C2CC00329678 /* Debug */,
				EF2DD3432BB1C2CC00329678 /* Release */,
			);
			defaultConfigurationIsVisible = 0;
			defaultConfigurationName = Release;
		};
		EF2DD3442BB1C2CC00329678 /* Build configuration list for PBXNativeTarget "ReminderTint" */ = {
			isa = XCConfigurationList;
			buildConfigurations = (
				EF2DD3452BB1C2CC00329678 /* Debug */,
				EF2DD3462BB1C2CC00329678 /* Release */,
			);
			defaultConfigurationIsVisible = 0;
			defaultConfigurationName = Release;
		};
		EF2DD3472BB1C2CC00329678 /* Build configuration list for PBXNativeTarget "ReminderTintTests" */ = {
			isa = XCConfigurationList;
			buildConfigurations = (
				EF2DD3482BB1C2CC00329678 /* Debug */,
				EF2DD3492BB1C2CC00329678 /* Release */,
			);
			defaultConfigurationIsVisible = 0;
			defaultConfigurationName = Release;
		};
		EF2DD34A2BB1C2CC00329678 /* Build configuration list for PBXNativeTarget "ReminderTintUITests" */ = {
			isa = XCConfigurationList;
			buildConfigurations = (
				EF2DD34B2BB1C2CC00329678 /* Debug */,
				EF2DD34C2BB1C2CC00329678 /* Release */,
			);
			defaultConfigurationIsVisible = 0;
			defaultConfigurationName = Release;
		};
/* End XCConfigurationList section */
	};
	rootObject = EF2DD3122BB1C2CA00329678 /* Project object */;
}
